
Microsoft Visual Studio Solution File, Format Version 12.00
# Visual Studio 15
VisualStudioVersion = 15.0.28010.2003
MinimumVisualStudioVersion = 10.0.40219.1
Project("{9A19103F-16F7-4668-BE54-9A1E7A4F7556}") = "SGFP.Domain", "SGFP.Domain\SGFP.Domain.csproj", "{5DC194DD-037B-4EE6-A0F8-2B05988F0AFB}"
EndProject
Project("{2150E333-8FDC-42A3-9474-1A3956D46DE8}") = "SGFP - Commom", "SGFP - Commom", "{26E7CAA7-8374-4BF1-9F22-6FEF9872D99B}"
EndProject
Project("{2150E333-8FDC-42A3-9474-1A3956D46DE8}") = "SGFP - Teste", "SGFP - Teste", "{A876E002-0295-4ADD-816D-BAC12D8CC2B1}"
EndProject
Project("{2150E333-8FDC-42A3-9474-1A3956D46DE8}") = "Lib", "Lib", "{8762162D-2C57-4A48-B637-B4624FD19BB8}"
EndProject
Project("{9A19103F-16F7-4668-BE54-9A1E7A4F7556}") = "prmToolkit.NotificationPattern", "Lib\Lib\prmToolkit.NotificationPattern-master\prmToolkit.NotificationPattern\prmToolkit.NotificationPattern.csproj", "{073F56A4-D5EE-42EA-A412-E52AFED06693}"
EndProject
Project("{9A19103F-16F7-4668-BE54-9A1E7A4F7556}") = "SGFP.Infra", "SGFP.Ifra\SGFP.Infra.csproj", "{BE32627B-268A-45B4-895D-32E6D8C83973}"
EndProject
Project("{2150E333-8FDC-42A3-9474-1A3956D46DE8}") = "SGFP - App", "SGFP - App", "{83B78086-99AD-42CC-A1C9-2573929EAC0F}"
EndProject
Project("{9A19103F-16F7-4668-BE54-9A1E7A4F7556}") = "SGFP.Teste", "SGFP.Teste\SGFP.Teste.csproj", "{0AC97784-E587-4FB0-8173-EA0450389A7D}"
EndProject
Project("{9A19103F-16F7-4668-BE54-9A1E7A4F7556}") = "SGFP.IoC", "SGFP.IoC\SGFP.IoC.csproj", "{BF5FF851-775B-420B-ACC4-C58DD2A19FF0}"
EndProject
Project("{9A19103F-16F7-4668-BE54-9A1E7A4F7556}") = "SGFP.WEB", "SGFP.WEB\SGFP.WEB.csproj", "{7D2916FC-4111-426D-9ABD-BA7318DF19C6}"
EndProject
Project("{FAE04EC0-301F-11D3-BF4B-00C04F79EFBC}") = "SGFP.Api", "SGFP.Api\SGFP.Api.csproj", "{6469CFEF-5B8E-49E4-A7ED-D759FEEA828D}"
EndProject
Global
	GlobalSection(SolutionConfigurationPlatforms) = preSolution
		Debug|Any CPU = Debug|Any CPU
		Release|Any CPU = Release|Any CPU
	EndGlobalSection
	GlobalSection(ProjectConfigurationPlatforms) = postSolution
		{5DC194DD-037B-4EE6-A0F8-2B05988F0AFB}.Debug|Any CPU.ActiveCfg = Debug|Any CPU
		{5DC194DD-037B-4EE6-A0F8-2B05988F0AFB}.Debug|Any CPU.Build.0 = Debug|Any CPU
		{5DC194DD-037B-4EE6-A0F8-2B05988F0AFB}.Release|Any CPU.ActiveCfg = Release|Any CPU
		{5DC194DD-037B-4EE6-A0F8-2B05988F0AFB}.Release|Any CPU.Build.0 = Release|Any CPU
		{073F56A4-D5EE-42EA-A412-E52AFED06693}.Debug|Any CPU.ActiveCfg = Debug|Any CPU
		{073F56A4-D5EE-42EA-A412-E52AFED06693}.Debug|Any CPU.Build.0 = Debug|Any CPU
		{073F56A4-D5EE-42EA-A412-E52AFED06693}.Release|Any CPU.ActiveCfg = Release|Any CPU
		{073F56A4-D5EE-42EA-A412-E52AFED06693}.Release|Any CPU.Build.0 = Release|Any CPU
		{BE32627B-268A-45B4-895D-32E6D8C83973}.Debug|Any CPU.ActiveCfg = Debug|Any CPU
		{BE32627B-268A-45B4-895D-32E6D8C83973}.Debug|Any CPU.Build.0 = Debug|Any CPU
		{BE32627B-268A-45B4-895D-32E6D8C83973}.Release|Any CPU.ActiveCfg = Release|Any CPU
		{BE32627B-268A-45B4-895D-32E6D8C83973}.Release|Any CPU.Build.0 = Release|Any CPU
		{0AC97784-E587-4FB0-8173-EA0450389A7D}.Debug|Any CPU.ActiveCfg = Debug|Any CPU
		{0AC97784-E587-4FB0-8173-EA0450389A7D}.Debug|Any CPU.Build.0 = Debug|Any CPU
		{0AC97784-E587-4FB0-8173-EA0450389A7D}.Release|Any CPU.ActiveCfg = Release|Any CPU
		{0AC97784-E587-4FB0-8173-EA0450389A7D}.Release|Any CPU.Build.0 = Release|Any CPU
		{BF5FF851-775B-420B-ACC4-C58DD2A19FF0}.Debug|Any CPU.ActiveCfg = Debug|Any CPU
		{BF5FF851-775B-420B-ACC4-C58DD2A19FF0}.Debug|Any CPU.Build.0 = Debug|Any CPU
		{BF5FF851-775B-420B-ACC4-C58DD2A19FF0}.Release|Any CPU.ActiveCfg = Release|Any CPU
		{BF5FF851-775B-420B-ACC4-C58DD2A19FF0}.Release|Any CPU.Build.0 = Release|Any CPU
		{7D2916FC-4111-426D-9ABD-BA7318DF19C6}.Debug|Any CPU.ActiveCfg = Debug|Any CPU
		{7D2916FC-4111-426D-9ABD-BA7318DF19C6}.Debug|Any CPU.Build.0 = Debug|Any CPU
		{7D2916FC-4111-426D-9ABD-BA7318DF19C6}.Release|Any CPU.ActiveCfg = Release|Any CPU
		{7D2916FC-4111-426D-9ABD-BA7318DF19C6}.Release|Any CPU.Build.0 = Release|Any CPU
		{6469CFEF-5B8E-49E4-A7ED-D759FEEA828D}.Debug|Any CPU.ActiveCfg = Debug|Any CPU
		{6469CFEF-5B8E-49E4-A7ED-D759FEEA828D}.Debug|Any CPU.Build.0 = Debug|Any CPU
		{6469CFEF-5B8E-49E4-A7ED-D759FEEA828D}.Release|Any CPU.ActiveCfg = Release|Any CPU
		{6469CFEF-5B8E-49E4-A7ED-D759FEEA828D}.Release|Any CPU.Build.0 = Release|Any CPU
	EndGlobalSection
	GlobalSection(SolutionProperties) = preSolution
		HideSolutionNode = FALSE
	EndGlobalSection
	GlobalSection(NestedProjects) = preSolution
		{5DC194DD-037B-4EE6-A0F8-2B05988F0AFB} = {26E7CAA7-8374-4BF1-9F22-6FEF9872D99B}
		{073F56A4-D5EE-42EA-A412-E52AFED06693} = {8762162D-2C57-4A48-B637-B4624FD19BB8}
		{BE32627B-268A-45B4-895D-32E6D8C83973} = {26E7CAA7-8374-4BF1-9F22-6FEF9872D99B}
		{0AC97784-E587-4FB0-8173-EA0450389A7D} = {A876E002-0295-4ADD-816D-BAC12D8CC2B1}
		{BF5FF851-775B-420B-ACC4-C58DD2A19FF0} = {26E7CAA7-8374-4BF1-9F22-6FEF9872D99B}
		{7D2916FC-4111-426D-9ABD-BA7318DF19C6} = {83B78086-99AD-42CC-A1C9-2573929EAC0F}
		{6469CFEF-5B8E-49E4-A7ED-D759FEEA828D} = {83B78086-99AD-42CC-A1C9-2573929EAC0F}
	EndGlobalSection
	GlobalSection(ExtensibilityGlobals) = postSolution
		SolutionGuid = {8F31D013-3A26-4261-9187-FCD7F4D58025}
	EndGlobalSection
EndGlobal
