
Microsoft Visual Studio Solution File, Format Version 12.00
# Visual Studio 15
VisualStudioVersion = 15.0.28010.2003
MinimumVisualStudioVersion = 10.0.40219.1
Project("{FAE04EC0-301F-11D3-BF4B-00C04F79EFBC}") = "SGFP", "SGFP\SGFP.csproj", "{EA2C595C-F50B-40C9-BE92-CFCEB3C43C74}"
EndProject
Global
	GlobalSection(SolutionConfigurationPlatforms) = preSolution
		Debug|Any CPU = Debug|Any CPU
		Release|Any CPU = Release|Any CPU
	EndGlobalSection
	GlobalSection(ProjectConfigurationPlatforms) = postSolution
		{EA2C595C-F50B-40C9-BE92-CFCEB3C43C74}.Debug|Any CPU.ActiveCfg = Debug|Any CPU
		{EA2C595C-F50B-40C9-BE92-CFCEB3C43C74}.Debug|Any CPU.Build.0 = Debug|Any CPU
		{EA2C595C-F50B-40C9-BE92-CFCEB3C43C74}.Release|Any CPU.ActiveCfg = Release|Any CPU
		{EA2C595C-F50B-40C9-BE92-CFCEB3C43C74}.Release|Any CPU.Build.0 = Release|Any CPU
	EndGlobalSection
	GlobalSection(SolutionProperties) = preSolution
		HideSolutionNode = FALSE
	EndGlobalSection
	GlobalSection(ExtensibilityGlobals) = postSolution
		SolutionGuid = {8F31D013-3A26-4261-9187-FCD7F4D58025}
	EndGlobalSection
EndGlobal
