
Microsoft Visual Studio Solution File, Format Version 12.00
# Visual Studio 15
VisualStudioVersion = 15.0.28010.2003
MinimumVisualStudioVersion = 10.0.40219.1
Project("{2150E333-8FDC-42A3-9474-1A3956D46DE8}") = "03 - SGFP - Teste", "03 - SGFP - Teste", "{A876E002-0295-4ADD-816D-BAC12D8CC2B1}"
EndProject
Project("{2150E333-8FDC-42A3-9474-1A3956D46DE8}") = "00 - Lib", "00 - Lib", "{8762162D-2C57-4A48-B637-B4624FD19BB8}"
EndProject
Project("{9A19103F-16F7-4668-BE54-9A1E7A4F7556}") = "prmToolkit.NotificationPattern", "Lib\Lib\prmToolkit.NotificationPattern-master\prmToolkit.NotificationPattern\prmToolkit.NotificationPattern.csproj", "{073F56A4-D5EE-42EA-A412-E52AFED06693}"
EndProject
Project("{2150E333-8FDC-42A3-9474-1A3956D46DE8}") = "02 - SGFP - App", "02 - SGFP - App", "{83B78086-99AD-42CC-A1C9-2573929EAC0F}"
EndProject
Project("{9A19103F-16F7-4668-BE54-9A1E7A4F7556}") = "SGFP.Teste", "SGFP.Teste\SGFP.Teste.csproj", "{0AC97784-E587-4FB0-8173-EA0450389A7D}"
EndProject
Project("{9A19103F-16F7-4668-BE54-9A1E7A4F7556}") = "SGFP.Api", "SGFP.Api\SGFP.Api.csproj", "{6469CFEF-5B8E-49E4-A7ED-D759FEEA828D}"
EndProject
Project("{9A19103F-16F7-4668-BE54-9A1E7A4F7556}") = "SGFP.Domain", "SGFP.Domain\SGFP.Domain.csproj", "{9696881B-850F-4E4F-99E6-860F376BF017}"
EndProject
Project("{9A19103F-16F7-4668-BE54-9A1E7A4F7556}") = "SGFP.IoC", "SGFP.IoC\SGFP.IoC.csproj", "{87E1E88C-793F-45F9-9042-7117368122CC}"
EndProject
Project("{9A19103F-16F7-4668-BE54-9A1E7A4F7556}") = "SGFP.Infra", "SGFP.Ifra\SGFP.Infra.csproj", "{A3FE9106-0381-46D3-98AA-922683A78C7A}"
EndProject
Project("{2150E333-8FDC-42A3-9474-1A3956D46DE8}") = "01 - SGFP - Commom", "01 - SGFP - Commom", "{14B7DB9F-992C-4774-8942-A8611C8850AA}"
EndProject
Project("{2150E333-8FDC-42A3-9474-1A3956D46DE8}") = "Services", "Services", "{A7AEEB6E-8C9B-438D-B0CF-47E722B41E0D}"
EndProject
Project("{9A19103F-16F7-4668-BE54-9A1E7A4F7556}") = "SGFP.Angular.Web", "SGFP.Angular.Web\SGFP.Angular.Web.csproj", "{A03036B6-56FB-4BAF-83E2-1353E74F9DB8}"
EndProject
Project("{FAE04EC0-301F-11D3-BF4B-00C04F79EFBC}") = "SGFP.Teste.Angular", "SGFP.Teste.Angular\SGFP.Teste.Angular.csproj", "{44442B13-636A-4D78-BC2C-FE5B0FAF0834}"
EndProject
Global
	GlobalSection(SolutionConfigurationPlatforms) = preSolution
		Debug|Any CPU = Debug|Any CPU
		Release|Any CPU = Release|Any CPU
	EndGlobalSection
	GlobalSection(ProjectConfigurationPlatforms) = postSolution
		{073F56A4-D5EE-42EA-A412-E52AFED06693}.Debug|Any CPU.ActiveCfg = Debug|Any CPU
		{073F56A4-D5EE-42EA-A412-E52AFED06693}.Debug|Any CPU.Build.0 = Debug|Any CPU
		{073F56A4-D5EE-42EA-A412-E52AFED06693}.Release|Any CPU.ActiveCfg = Release|Any CPU
		{073F56A4-D5EE-42EA-A412-E52AFED06693}.Release|Any CPU.Build.0 = Release|Any CPU
		{0AC97784-E587-4FB0-8173-EA0450389A7D}.Debug|Any CPU.ActiveCfg = Debug|Any CPU
		{0AC97784-E587-4FB0-8173-EA0450389A7D}.Debug|Any CPU.Build.0 = Debug|Any CPU
		{0AC97784-E587-4FB0-8173-EA0450389A7D}.Release|Any CPU.ActiveCfg = Release|Any CPU
		{0AC97784-E587-4FB0-8173-EA0450389A7D}.Release|Any CPU.Build.0 = Release|Any CPU
		{6469CFEF-5B8E-49E4-A7ED-D759FEEA828D}.Debug|Any CPU.ActiveCfg = Debug|Any CPU
		{6469CFEF-5B8E-49E4-A7ED-D759FEEA828D}.Debug|Any CPU.Build.0 = Debug|Any CPU
		{6469CFEF-5B8E-49E4-A7ED-D759FEEA828D}.Release|Any CPU.ActiveCfg = Release|Any CPU
		{6469CFEF-5B8E-49E4-A7ED-D759FEEA828D}.Release|Any CPU.Build.0 = Release|Any CPU
		{9696881B-850F-4E4F-99E6-860F376BF017}.Debug|Any CPU.ActiveCfg = Debug|Any CPU
		{9696881B-850F-4E4F-99E6-860F376BF017}.Debug|Any CPU.Build.0 = Debug|Any CPU
		{9696881B-850F-4E4F-99E6-860F376BF017}.Release|Any CPU.ActiveCfg = Release|Any CPU
		{9696881B-850F-4E4F-99E6-860F376BF017}.Release|Any CPU.Build.0 = Release|Any CPU
		{87E1E88C-793F-45F9-9042-7117368122CC}.Debug|Any CPU.ActiveCfg = Debug|Any CPU
		{87E1E88C-793F-45F9-9042-7117368122CC}.Debug|Any CPU.Build.0 = Debug|Any CPU
		{87E1E88C-793F-45F9-9042-7117368122CC}.Release|Any CPU.ActiveCfg = Release|Any CPU
		{87E1E88C-793F-45F9-9042-7117368122CC}.Release|Any CPU.Build.0 = Release|Any CPU
		{A3FE9106-0381-46D3-98AA-922683A78C7A}.Debug|Any CPU.ActiveCfg = Debug|Any CPU
		{A3FE9106-0381-46D3-98AA-922683A78C7A}.Debug|Any CPU.Build.0 = Debug|Any CPU
		{A3FE9106-0381-46D3-98AA-922683A78C7A}.Release|Any CPU.ActiveCfg = Release|Any CPU
		{A3FE9106-0381-46D3-98AA-922683A78C7A}.Release|Any CPU.Build.0 = Release|Any CPU
		{A03036B6-56FB-4BAF-83E2-1353E74F9DB8}.Debug|Any CPU.ActiveCfg = Debug|Any CPU
		{A03036B6-56FB-4BAF-83E2-1353E74F9DB8}.Debug|Any CPU.Build.0 = Debug|Any CPU
		{A03036B6-56FB-4BAF-83E2-1353E74F9DB8}.Release|Any CPU.ActiveCfg = Release|Any CPU
		{A03036B6-56FB-4BAF-83E2-1353E74F9DB8}.Release|Any CPU.Build.0 = Release|Any CPU
		{44442B13-636A-4D78-BC2C-FE5B0FAF0834}.Debug|Any CPU.ActiveCfg = Debug|Any CPU
		{44442B13-636A-4D78-BC2C-FE5B0FAF0834}.Debug|Any CPU.Build.0 = Debug|Any CPU
		{44442B13-636A-4D78-BC2C-FE5B0FAF0834}.Release|Any CPU.ActiveCfg = Release|Any CPU
		{44442B13-636A-4D78-BC2C-FE5B0FAF0834}.Release|Any CPU.Build.0 = Release|Any CPU
	EndGlobalSection
	GlobalSection(SolutionProperties) = preSolution
		HideSolutionNode = FALSE
	EndGlobalSection
	GlobalSection(NestedProjects) = preSolution
		{073F56A4-D5EE-42EA-A412-E52AFED06693} = {8762162D-2C57-4A48-B637-B4624FD19BB8}
		{0AC97784-E587-4FB0-8173-EA0450389A7D} = {A876E002-0295-4ADD-816D-BAC12D8CC2B1}
		{6469CFEF-5B8E-49E4-A7ED-D759FEEA828D} = {83B78086-99AD-42CC-A1C9-2573929EAC0F}
		{9696881B-850F-4E4F-99E6-860F376BF017} = {14B7DB9F-992C-4774-8942-A8611C8850AA}
		{87E1E88C-793F-45F9-9042-7117368122CC} = {14B7DB9F-992C-4774-8942-A8611C8850AA}
		{A3FE9106-0381-46D3-98AA-922683A78C7A} = {14B7DB9F-992C-4774-8942-A8611C8850AA}
		{A7AEEB6E-8C9B-438D-B0CF-47E722B41E0D} = {14B7DB9F-992C-4774-8942-A8611C8850AA}
		{A03036B6-56FB-4BAF-83E2-1353E74F9DB8} = {83B78086-99AD-42CC-A1C9-2573929EAC0F}
		{44442B13-636A-4D78-BC2C-FE5B0FAF0834} = {A876E002-0295-4ADD-816D-BAC12D8CC2B1}
	EndGlobalSection
	GlobalSection(ExtensibilityGlobals) = postSolution
		SolutionGuid = {8F31D013-3A26-4261-9187-FCD7F4D58025}
	EndGlobalSection
EndGlobal
